
Microsoft Visual Studio Solution File, Format Version 12.00
# Visual Studio Version 16
VisualStudioVersion = 16.0.29806.167
MinimumVisualStudioVersion = 10.0.40219.1
Project("{9A19103F-16F7-4668-BE54-9A1E7A4F7556}") = "Placium.WebApp", "Placium.WebApp\Placium.WebApp.csproj", "{42F1BB76-31C1-4835-A5EC-303570486C75}"
EndProject
Project("{9A19103F-16F7-4668-BE54-9A1E7A4F7556}") = "Placium.Common", "Placium.Common\Placium.Common.csproj", "{4B621C87-E2F0-4C74-8A2D-29D2C3C68919}"
EndProject
Project("{9A19103F-16F7-4668-BE54-9A1E7A4F7556}") = "Loader.Fias", "Loader.Fias\Loader.Fias.csproj", "{DA8B66FE-24F4-44F8-A991-BE7F08D2878A}"
EndProject
Project("{9A19103F-16F7-4668-BE54-9A1E7A4F7556}") = "Loader.Osm", "Loader.Osm\Loader.Osm.csproj", "{8513F2AC-2B7B-45AB-8A3E-F9C78933A5CC}"
EndProject
Project("{9A19103F-16F7-4668-BE54-9A1E7A4F7556}") = "Placium.Types", "Placium.Types\Placium.Types.csproj", "{68B11999-F918-4F45-A930-1597E8E2F302}"
EndProject
Project("{9A19103F-16F7-4668-BE54-9A1E7A4F7556}") = "Placium.WebApi", "Placium.WebApi\Placium.WebApi.csproj", "{9B88E6AD-B247-4442-89CC-89DE3CD8F9A1}"
EndProject
Project("{9A19103F-16F7-4668-BE54-9A1E7A4F7556}") = "Updater.Placex", "Updater.Placex\Updater.Placex.csproj", "{FB94DD7D-24A9-4101-8AB2-1BEDBDA23D5D}"
EndProject
Project("{9A19103F-16F7-4668-BE54-9A1E7A4F7556}") = "Updater.Sphinx", "Updater.Sphinx\Updater.Sphinx.csproj", "{3EBF9A30-7538-440B-A77C-7138F2FA16FB}"
EndProject
Project("{2150E333-8FDC-42A3-9474-1A3956D46DE8}") = "Solution Items", "Solution Items", "{77EF9329-7C3A-410F-BB20-AED059AE7C54}"
	ProjectSection(SolutionItems) = preProject
		.env = .env
		docker-compose.d.yml = docker-compose.d.yml
		docker-compose.override.yml = docker-compose.override.yml
		docker-compose.y.yml = docker-compose.y.yml
		docker-compose.yml = docker-compose.yml
		INSTALL.txt = INSTALL.txt
		manticore.conf = manticore.conf
		nginx.conf = nginx.conf
		README.txt = README.txt
	EndProjectSection
EndProject
Project("{9A19103F-16F7-4668-BE54-9A1E7A4F7556}") = "Placium.Seeker", "Placium.Seeker\Placium.Seeker.csproj", "{876DD837-54A8-4804-B773-4ED280E65E3B}"
EndProject
Project("{9A19103F-16F7-4668-BE54-9A1E7A4F7556}") = "Updater.Addrx", "Updater.Addrx\Updater.Addrx.csproj", "{74011989-E61F-4D83-A9ED-B26FFE8F36D2}"
EndProject
Project("{9A19103F-16F7-4668-BE54-9A1E7A4F7556}") = "Placium.Models", "Placium.Models\Placium.Models.csproj", "{1B378E87-E009-4D62-8E84-EA7F076EF70E}"
EndProject
Project("{9A19103F-16F7-4668-BE54-9A1E7A4F7556}") = "Placium.Services", "Placium.Services\Placium.Services.csproj", "{1794D19A-DEC0-4E1E-833A-C0B69763A75B}"
EndProject
Global
	GlobalSection(SolutionConfigurationPlatforms) = preSolution
		Debug|Any CPU = Debug|Any CPU
		Release|Any CPU = Release|Any CPU
	EndGlobalSection
	GlobalSection(ProjectConfigurationPlatforms) = postSolution
		{42F1BB76-31C1-4835-A5EC-303570486C75}.Debug|Any CPU.ActiveCfg = Debug|Any CPU
		{42F1BB76-31C1-4835-A5EC-303570486C75}.Debug|Any CPU.Build.0 = Debug|Any CPU
		{42F1BB76-31C1-4835-A5EC-303570486C75}.Release|Any CPU.ActiveCfg = Release|Any CPU
		{42F1BB76-31C1-4835-A5EC-303570486C75}.Release|Any CPU.Build.0 = Release|Any CPU
		{4B621C87-E2F0-4C74-8A2D-29D2C3C68919}.Debug|Any CPU.ActiveCfg = Debug|Any CPU
		{4B621C87-E2F0-4C74-8A2D-29D2C3C68919}.Debug|Any CPU.Build.0 = Debug|Any CPU
		{4B621C87-E2F0-4C74-8A2D-29D2C3C68919}.Release|Any CPU.ActiveCfg = Release|Any CPU
		{4B621C87-E2F0-4C74-8A2D-29D2C3C68919}.Release|Any CPU.Build.0 = Release|Any CPU
		{DA8B66FE-24F4-44F8-A991-BE7F08D2878A}.Debug|Any CPU.ActiveCfg = Debug|Any CPU
		{DA8B66FE-24F4-44F8-A991-BE7F08D2878A}.Debug|Any CPU.Build.0 = Debug|Any CPU
		{DA8B66FE-24F4-44F8-A991-BE7F08D2878A}.Release|Any CPU.ActiveCfg = Release|Any CPU
		{DA8B66FE-24F4-44F8-A991-BE7F08D2878A}.Release|Any CPU.Build.0 = Release|Any CPU
		{8513F2AC-2B7B-45AB-8A3E-F9C78933A5CC}.Debug|Any CPU.ActiveCfg = Debug|Any CPU
		{8513F2AC-2B7B-45AB-8A3E-F9C78933A5CC}.Debug|Any CPU.Build.0 = Debug|Any CPU
		{8513F2AC-2B7B-45AB-8A3E-F9C78933A5CC}.Release|Any CPU.ActiveCfg = Release|Any CPU
		{8513F2AC-2B7B-45AB-8A3E-F9C78933A5CC}.Release|Any CPU.Build.0 = Release|Any CPU
		{68B11999-F918-4F45-A930-1597E8E2F302}.Debug|Any CPU.ActiveCfg = Debug|Any CPU
		{68B11999-F918-4F45-A930-1597E8E2F302}.Debug|Any CPU.Build.0 = Debug|Any CPU
		{68B11999-F918-4F45-A930-1597E8E2F302}.Release|Any CPU.ActiveCfg = Release|Any CPU
		{68B11999-F918-4F45-A930-1597E8E2F302}.Release|Any CPU.Build.0 = Release|Any CPU
		{9B88E6AD-B247-4442-89CC-89DE3CD8F9A1}.Debug|Any CPU.ActiveCfg = Debug|Any CPU
		{9B88E6AD-B247-4442-89CC-89DE3CD8F9A1}.Debug|Any CPU.Build.0 = Debug|Any CPU
		{9B88E6AD-B247-4442-89CC-89DE3CD8F9A1}.Release|Any CPU.ActiveCfg = Release|Any CPU
		{9B88E6AD-B247-4442-89CC-89DE3CD8F9A1}.Release|Any CPU.Build.0 = Release|Any CPU
		{FB94DD7D-24A9-4101-8AB2-1BEDBDA23D5D}.Debug|Any CPU.ActiveCfg = Debug|Any CPU
		{FB94DD7D-24A9-4101-8AB2-1BEDBDA23D5D}.Debug|Any CPU.Build.0 = Debug|Any CPU
		{FB94DD7D-24A9-4101-8AB2-1BEDBDA23D5D}.Release|Any CPU.ActiveCfg = Release|Any CPU
		{FB94DD7D-24A9-4101-8AB2-1BEDBDA23D5D}.Release|Any CPU.Build.0 = Release|Any CPU
		{3EBF9A30-7538-440B-A77C-7138F2FA16FB}.Debug|Any CPU.ActiveCfg = Debug|Any CPU
		{3EBF9A30-7538-440B-A77C-7138F2FA16FB}.Debug|Any CPU.Build.0 = Debug|Any CPU
		{3EBF9A30-7538-440B-A77C-7138F2FA16FB}.Release|Any CPU.ActiveCfg = Release|Any CPU
		{3EBF9A30-7538-440B-A77C-7138F2FA16FB}.Release|Any CPU.Build.0 = Release|Any CPU
		{876DD837-54A8-4804-B773-4ED280E65E3B}.Debug|Any CPU.ActiveCfg = Debug|Any CPU
		{876DD837-54A8-4804-B773-4ED280E65E3B}.Debug|Any CPU.Build.0 = Debug|Any CPU
		{876DD837-54A8-4804-B773-4ED280E65E3B}.Release|Any CPU.ActiveCfg = Release|Any CPU
		{876DD837-54A8-4804-B773-4ED280E65E3B}.Release|Any CPU.Build.0 = Release|Any CPU
		{74011989-E61F-4D83-A9ED-B26FFE8F36D2}.Debug|Any CPU.ActiveCfg = Debug|Any CPU
		{74011989-E61F-4D83-A9ED-B26FFE8F36D2}.Debug|Any CPU.Build.0 = Debug|Any CPU
		{74011989-E61F-4D83-A9ED-B26FFE8F36D2}.Release|Any CPU.ActiveCfg = Release|Any CPU
		{74011989-E61F-4D83-A9ED-B26FFE8F36D2}.Release|Any CPU.Build.0 = Release|Any CPU
		{1B378E87-E009-4D62-8E84-EA7F076EF70E}.Debug|Any CPU.ActiveCfg = Debug|Any CPU
		{1B378E87-E009-4D62-8E84-EA7F076EF70E}.Debug|Any CPU.Build.0 = Debug|Any CPU
		{1B378E87-E009-4D62-8E84-EA7F076EF70E}.Release|Any CPU.ActiveCfg = Release|Any CPU
		{1B378E87-E009-4D62-8E84-EA7F076EF70E}.Release|Any CPU.Build.0 = Release|Any CPU
		{1794D19A-DEC0-4E1E-833A-C0B69763A75B}.Debug|Any CPU.ActiveCfg = Debug|Any CPU
		{1794D19A-DEC0-4E1E-833A-C0B69763A75B}.Debug|Any CPU.Build.0 = Debug|Any CPU
		{1794D19A-DEC0-4E1E-833A-C0B69763A75B}.Release|Any CPU.ActiveCfg = Release|Any CPU
		{1794D19A-DEC0-4E1E-833A-C0B69763A75B}.Release|Any CPU.Build.0 = Release|Any CPU
	EndGlobalSection
	GlobalSection(SolutionProperties) = preSolution
		HideSolutionNode = FALSE
	EndGlobalSection
	GlobalSection(ExtensibilityGlobals) = postSolution
		SolutionGuid = {638D307A-0E71-41C7-BE8B-AD82C5E89CFA}
	EndGlobalSection
EndGlobal
