
Microsoft Visual Studio Solution File, Format Version 12.00
# Visual Studio Version 16
VisualStudioVersion = 16.0.29806.167
MinimumVisualStudioVersion = 10.0.40219.1
Project("{2150E333-8FDC-42A3-9474-1A3956D46DE8}") = "samples", "samples", "{77BC0AC3-41A6-4672-A3AB-9C27710756BE}"
EndProject
Project("{9A19103F-16F7-4668-BE54-9A1E7A4F7556}") = "Sample.Basic", "samples\Sample.Basic\Sample.Basic.csproj", "{F09F3647-D7BB-40B6-9381-C95217293CD3}"
EndProject
Project("{9A19103F-16F7-4668-BE54-9A1E7A4F7556}") = "Sample.Matrix", "samples\Sample.Matrix\Sample.Matrix.csproj", "{A7F38E85-F6D3-41B7-9B17-DC4B651EFB8D}"
EndProject
Project("{9A19103F-16F7-4668-BE54-9A1E7A4F7556}") = "Sample.Elevation", "samples\Sample.Elevation\Sample.Elevation.csproj", "{A0B7D351-6EF0-44E6-986D-60A8177E3550}"
EndProject
Project("{9A19103F-16F7-4668-BE54-9A1E7A4F7556}") = "Sample.Shape", "samples\Sample.Shape\Sample.Shape.csproj", "{EB6A7F79-3540-4E31-A1A8-3ADA0F232E67}"
EndProject
Project("{9A19103F-16F7-4668-BE54-9A1E7A4F7556}") = "Sample.DynamicProfiles", "samples\Sample.DynamicProfiles\Sample.DynamicProfiles.csproj", "{8DED4253-89E6-4333-9750-E830DB789B2D}"
EndProject
Project("{9A19103F-16F7-4668-BE54-9A1E7A4F7556}") = "Placium.WebApp", "Placium.WebApp\Placium.WebApp.csproj", "{42F1BB76-31C1-4835-A5EC-303570486C75}"
EndProject
Project("{9A19103F-16F7-4668-BE54-9A1E7A4F7556}") = "Placium.Common", "Placium.Common\Placium.Common.csproj", "{4B621C87-E2F0-4C74-8A2D-29D2C3C68919}"
EndProject
Project("{9A19103F-16F7-4668-BE54-9A1E7A4F7556}") = "Loader.Fias.File", "Loader.Fias.File\Loader.Fias.File.csproj", "{DA8B66FE-24F4-44F8-A991-BE7F08D2878A}"
EndProject
Project("{9A19103F-16F7-4668-BE54-9A1E7A4F7556}") = "Loader.Osm.File", "Loader.Osm.File\Loader.Osm.File.csproj", "{8513F2AC-2B7B-45AB-8A3E-F9C78933A5CC}"
EndProject
Project("{9A19103F-16F7-4668-BE54-9A1E7A4F7556}") = "Placium.Types", "Placium.Types\Placium.Types.csproj", "{68B11999-F918-4F45-A930-1597E8E2F302}"
EndProject
Project("{9A19103F-16F7-4668-BE54-9A1E7A4F7556}") = "Placium.WebApi", "Placium.WebApi\Placium.WebApi.csproj", "{9B88E6AD-B247-4442-89CC-89DE3CD8F9A1}"
EndProject
Project("{9A19103F-16F7-4668-BE54-9A1E7A4F7556}") = "Updater.Placex.Database", "Updater.Placex.Database\Updater.Placex.Database.csproj", "{FB94DD7D-24A9-4101-8AB2-1BEDBDA23D5D}"
EndProject
Project("{9A19103F-16F7-4668-BE54-9A1E7A4F7556}") = "Updater.Addrx.Sphinx", "Updater.Addrx.Sphinx\Updater.Addrx.Sphinx.csproj", "{3EBF9A30-7538-440B-A77C-7138F2FA16FB}"
EndProject
Project("{2150E333-8FDC-42A3-9474-1A3956D46DE8}") = "Solution Items", "Solution Items", "{77EF9329-7C3A-410F-BB20-AED059AE7C54}"
	ProjectSection(SolutionItems) = preProject
		.env = .env
		docker-compose.d.yml = docker-compose.d.yml
		docker-compose.override.yml = docker-compose.override.yml
		docker-compose.y.yml = docker-compose.y.yml
		docker-compose.yml = docker-compose.yml
		INSTALL.txt = INSTALL.txt
		manticore.conf = manticore.conf
		nginx.conf = nginx.conf
		README.txt = README.txt
	EndProjectSection
EndProject
Project("{9A19103F-16F7-4668-BE54-9A1E7A4F7556}") = "Placium.Seeker", "Placium.Seeker\Placium.Seeker.csproj", "{876DD837-54A8-4804-B773-4ED280E65E3B}"
EndProject
Project("{9A19103F-16F7-4668-BE54-9A1E7A4F7556}") = "Updater.Addrx.Database", "Updater.Addrx.Database\Updater.Addrx.Database.csproj", "{74011989-E61F-4D83-A9ED-B26FFE8F36D2}"
EndProject
Project("{9A19103F-16F7-4668-BE54-9A1E7A4F7556}") = "Placium.Models", "Placium.Models\Placium.Models.csproj", "{1B378E87-E009-4D62-8E84-EA7F076EF70E}"
EndProject
Project("{9A19103F-16F7-4668-BE54-9A1E7A4F7556}") = "Placium.Services", "Placium.Services\Placium.Services.csproj", "{1794D19A-DEC0-4E1E-833A-C0B69763A75B}"
EndProject
Project("{9A19103F-16F7-4668-BE54-9A1E7A4F7556}") = "placium", "placium\placium.csproj", "{63B8E953-C89A-4B38-8CFD-193C6CCF5126}"
EndProject
Project("{9A19103F-16F7-4668-BE54-9A1E7A4F7556}") = "AstraUtils", "AstraUtils\AstraUtils.csproj", "{08FEBBB5-D0BB-438C-80C0-3F4B75953C8B}"
EndProject
Project("{9A19103F-16F7-4668-BE54-9A1E7A4F7556}") = "Updater.Addrobx.Sphinx", "Updater.Addrobx.Sphinx\Updater.Addrobx.Sphinx.csproj", "{0206B60C-011C-4ED2-84C0-E9ED005C053C}"
EndProject
Project("{9A19103F-16F7-4668-BE54-9A1E7A4F7556}") = "MySql.QueryTools.WebApp", "MySql.QueryTools.WebApp\MySql.QueryTools.WebApp.csproj", "{5A2837E5-D502-486C-A477-194C4FBADCB7}"
EndProject
Project("{9A19103F-16F7-4668-BE54-9A1E7A4F7556}") = "Route", "Route\Route.csproj", "{70399F91-8B2E-4C14-BC1B-EDE6884EE454}"
EndProject
Project("{9A19103F-16F7-4668-BE54-9A1E7A4F7556}") = "Route.Geo", "Route.Geo\Route.Geo.csproj", "{356DE268-230E-49B5-A4E2-E61CF77E15BA}"
EndProject
Project("{9A19103F-16F7-4668-BE54-9A1E7A4F7556}") = "Route.IO.Osm", "Route.IO.Osm\Route.IO.Osm.csproj", "{6B1A0489-A566-4ADE-A185-0ED882052673}"
EndProject
Project("{9A19103F-16F7-4668-BE54-9A1E7A4F7556}") = "Route.IO.Shape", "Route.IO.Shape\Route.IO.Shape.csproj", "{F13941AC-A49D-4ED9-AAFE-ED796F8B504F}"
EndProject
Project("{9A19103F-16F7-4668-BE54-9A1E7A4F7556}") = "Route.IO", "Route.IO\Route.IO.csproj", "{AD6B008D-2C8A-4945-ADD4-9E0C5CAB3B11}"
EndProject
Project("{9A19103F-16F7-4668-BE54-9A1E7A4F7556}") = "Route.Logging", "Route.Logging\Route.Logging.csproj", "{DE82DF58-E940-4FA6-A313-2543806DEB87}"
EndProject
Project("{9A19103F-16F7-4668-BE54-9A1E7A4F7556}") = "Route.Base", "Route.Base\Route.Base.csproj", "{5A98795E-0236-4511-8290-900443CFEF2E}"
EndProject
Project("{9A19103F-16F7-4668-BE54-9A1E7A4F7556}") = "Route.Algorithms.Collections", "Route.Algorithms.Collections\Route.Algorithms.Collections.csproj", "{DC3E6D20-84F3-43BD-B734-247B3B619BAD}"
EndProject
Project("{9A19103F-16F7-4668-BE54-9A1E7A4F7556}") = "Route.Algorithms.Sorting", "Route.Algorithms.Sorting\Route.Algorithms.Sorting.csproj", "{663EF87E-1E1E-423D-9124-6DC52599EDCD}"
EndProject
Project("{9A19103F-16F7-4668-BE54-9A1E7A4F7556}") = "Route.Attributes", "Route.Attributes\Route.Attributes.csproj", "{294445CA-C94D-4F25-837F-542D60A07B9E}"
EndProject
Project("{9A19103F-16F7-4668-BE54-9A1E7A4F7556}") = "Route.Profiles.Lua", "Route.Profiles.Lua\Route.Profiles.Lua.csproj", "{12F02C05-B3F6-4C61-B539-3C7CCFB5FA59}"
EndProject
Project("{9A19103F-16F7-4668-BE54-9A1E7A4F7556}") = "Route.Navigation.Directions", "Route.Navigation.Directions\Route.Navigation.Directions.csproj", "{0DCFA33B-9BC4-4217-BA34-B0F3C1686741}"
EndProject
Project("{9A19103F-16F7-4668-BE54-9A1E7A4F7556}") = "Route.LocalGeo", "Route.LocalGeo\Route.LocalGeo.csproj", "{E3AF1351-E741-402C-8A33-85434BFA90FF}"
EndProject
Project("{FAE04EC0-301F-11D3-BF4B-00C04F79EFBC}") = "Placium.Route.Algorithms", "Placium.Route.Algorithms\Placium.Route.Algorithms.csproj", "{A64A054D-C582-419C-ACEA-104EF0CFD224}"
EndProject
Project("{FAE04EC0-301F-11D3-BF4B-00C04F79EFBC}") = "Placium.Route", "Placium.Route\Placium.Route.csproj", "{B6772668-935B-4E4F-9A9C-C2CA9B39D2DC}"
EndProject
Project("{FAE04EC0-301F-11D3-BF4B-00C04F79EFBC}") = "Placium.Route.Common", "Placium.Route.Common\Placium.Route.Common.csproj", "{26B7350E-D591-4F8F-A17F-577FEAC2AD99}"
EndProject
Project("{FAE04EC0-301F-11D3-BF4B-00C04F79EFBC}") = "Placium.Route.ConsoleTest1", "Placium.Route.ConsoleTest1\Placium.Route.ConsoleTest1.csproj", "{89976F92-64EA-4B9B-9272-7C60940AA18B}"
EndProject
Global
	GlobalSection(SolutionConfigurationPlatforms) = preSolution
		Debug|Any CPU = Debug|Any CPU
		Release|Any CPU = Release|Any CPU
	EndGlobalSection
	GlobalSection(ProjectConfigurationPlatforms) = postSolution
		{F09F3647-D7BB-40B6-9381-C95217293CD3}.Debug|Any CPU.ActiveCfg = Debug|Any CPU
		{F09F3647-D7BB-40B6-9381-C95217293CD3}.Debug|Any CPU.Build.0 = Debug|Any CPU
		{F09F3647-D7BB-40B6-9381-C95217293CD3}.Release|Any CPU.ActiveCfg = Release|Any CPU
		{F09F3647-D7BB-40B6-9381-C95217293CD3}.Release|Any CPU.Build.0 = Release|Any CPU
		{A7F38E85-F6D3-41B7-9B17-DC4B651EFB8D}.Debug|Any CPU.ActiveCfg = Debug|Any CPU
		{A7F38E85-F6D3-41B7-9B17-DC4B651EFB8D}.Debug|Any CPU.Build.0 = Debug|Any CPU
		{A7F38E85-F6D3-41B7-9B17-DC4B651EFB8D}.Release|Any CPU.ActiveCfg = Release|Any CPU
		{A7F38E85-F6D3-41B7-9B17-DC4B651EFB8D}.Release|Any CPU.Build.0 = Release|Any CPU
		{A0B7D351-6EF0-44E6-986D-60A8177E3550}.Debug|Any CPU.ActiveCfg = Debug|Any CPU
		{A0B7D351-6EF0-44E6-986D-60A8177E3550}.Debug|Any CPU.Build.0 = Debug|Any CPU
		{A0B7D351-6EF0-44E6-986D-60A8177E3550}.Release|Any CPU.ActiveCfg = Release|Any CPU
		{A0B7D351-6EF0-44E6-986D-60A8177E3550}.Release|Any CPU.Build.0 = Release|Any CPU
		{EB6A7F79-3540-4E31-A1A8-3ADA0F232E67}.Debug|Any CPU.ActiveCfg = Debug|Any CPU
		{EB6A7F79-3540-4E31-A1A8-3ADA0F232E67}.Debug|Any CPU.Build.0 = Debug|Any CPU
		{EB6A7F79-3540-4E31-A1A8-3ADA0F232E67}.Release|Any CPU.ActiveCfg = Release|Any CPU
		{EB6A7F79-3540-4E31-A1A8-3ADA0F232E67}.Release|Any CPU.Build.0 = Release|Any CPU
		{8DED4253-89E6-4333-9750-E830DB789B2D}.Debug|Any CPU.ActiveCfg = Debug|Any CPU
		{8DED4253-89E6-4333-9750-E830DB789B2D}.Debug|Any CPU.Build.0 = Debug|Any CPU
		{8DED4253-89E6-4333-9750-E830DB789B2D}.Release|Any CPU.ActiveCfg = Release|Any CPU
		{8DED4253-89E6-4333-9750-E830DB789B2D}.Release|Any CPU.Build.0 = Release|Any CPU
		{42F1BB76-31C1-4835-A5EC-303570486C75}.Debug|Any CPU.ActiveCfg = Debug|Any CPU
		{42F1BB76-31C1-4835-A5EC-303570486C75}.Debug|Any CPU.Build.0 = Debug|Any CPU
		{42F1BB76-31C1-4835-A5EC-303570486C75}.Release|Any CPU.ActiveCfg = Release|Any CPU
		{42F1BB76-31C1-4835-A5EC-303570486C75}.Release|Any CPU.Build.0 = Release|Any CPU
		{4B621C87-E2F0-4C74-8A2D-29D2C3C68919}.Debug|Any CPU.ActiveCfg = Debug|Any CPU
		{4B621C87-E2F0-4C74-8A2D-29D2C3C68919}.Debug|Any CPU.Build.0 = Debug|Any CPU
		{4B621C87-E2F0-4C74-8A2D-29D2C3C68919}.Release|Any CPU.ActiveCfg = Release|Any CPU
		{4B621C87-E2F0-4C74-8A2D-29D2C3C68919}.Release|Any CPU.Build.0 = Release|Any CPU
		{DA8B66FE-24F4-44F8-A991-BE7F08D2878A}.Debug|Any CPU.ActiveCfg = Debug|Any CPU
		{DA8B66FE-24F4-44F8-A991-BE7F08D2878A}.Debug|Any CPU.Build.0 = Debug|Any CPU
		{DA8B66FE-24F4-44F8-A991-BE7F08D2878A}.Release|Any CPU.ActiveCfg = Release|Any CPU
		{DA8B66FE-24F4-44F8-A991-BE7F08D2878A}.Release|Any CPU.Build.0 = Release|Any CPU
		{8513F2AC-2B7B-45AB-8A3E-F9C78933A5CC}.Debug|Any CPU.ActiveCfg = Debug|Any CPU
		{8513F2AC-2B7B-45AB-8A3E-F9C78933A5CC}.Debug|Any CPU.Build.0 = Debug|Any CPU
		{8513F2AC-2B7B-45AB-8A3E-F9C78933A5CC}.Release|Any CPU.ActiveCfg = Release|Any CPU
		{8513F2AC-2B7B-45AB-8A3E-F9C78933A5CC}.Release|Any CPU.Build.0 = Release|Any CPU
		{68B11999-F918-4F45-A930-1597E8E2F302}.Debug|Any CPU.ActiveCfg = Debug|Any CPU
		{68B11999-F918-4F45-A930-1597E8E2F302}.Debug|Any CPU.Build.0 = Debug|Any CPU
		{68B11999-F918-4F45-A930-1597E8E2F302}.Release|Any CPU.ActiveCfg = Release|Any CPU
		{68B11999-F918-4F45-A930-1597E8E2F302}.Release|Any CPU.Build.0 = Release|Any CPU
		{9B88E6AD-B247-4442-89CC-89DE3CD8F9A1}.Debug|Any CPU.ActiveCfg = Debug|Any CPU
		{9B88E6AD-B247-4442-89CC-89DE3CD8F9A1}.Debug|Any CPU.Build.0 = Debug|Any CPU
		{9B88E6AD-B247-4442-89CC-89DE3CD8F9A1}.Release|Any CPU.ActiveCfg = Release|Any CPU
		{9B88E6AD-B247-4442-89CC-89DE3CD8F9A1}.Release|Any CPU.Build.0 = Release|Any CPU
		{FB94DD7D-24A9-4101-8AB2-1BEDBDA23D5D}.Debug|Any CPU.ActiveCfg = Debug|Any CPU
		{FB94DD7D-24A9-4101-8AB2-1BEDBDA23D5D}.Debug|Any CPU.Build.0 = Debug|Any CPU
		{FB94DD7D-24A9-4101-8AB2-1BEDBDA23D5D}.Release|Any CPU.ActiveCfg = Release|Any CPU
		{FB94DD7D-24A9-4101-8AB2-1BEDBDA23D5D}.Release|Any CPU.Build.0 = Release|Any CPU
		{3EBF9A30-7538-440B-A77C-7138F2FA16FB}.Debug|Any CPU.ActiveCfg = Debug|Any CPU
		{3EBF9A30-7538-440B-A77C-7138F2FA16FB}.Debug|Any CPU.Build.0 = Debug|Any CPU
		{3EBF9A30-7538-440B-A77C-7138F2FA16FB}.Release|Any CPU.ActiveCfg = Release|Any CPU
		{3EBF9A30-7538-440B-A77C-7138F2FA16FB}.Release|Any CPU.Build.0 = Release|Any CPU
		{876DD837-54A8-4804-B773-4ED280E65E3B}.Debug|Any CPU.ActiveCfg = Debug|Any CPU
		{876DD837-54A8-4804-B773-4ED280E65E3B}.Debug|Any CPU.Build.0 = Debug|Any CPU
		{876DD837-54A8-4804-B773-4ED280E65E3B}.Release|Any CPU.ActiveCfg = Release|Any CPU
		{876DD837-54A8-4804-B773-4ED280E65E3B}.Release|Any CPU.Build.0 = Release|Any CPU
		{74011989-E61F-4D83-A9ED-B26FFE8F36D2}.Debug|Any CPU.ActiveCfg = Debug|Any CPU
		{74011989-E61F-4D83-A9ED-B26FFE8F36D2}.Debug|Any CPU.Build.0 = Debug|Any CPU
		{74011989-E61F-4D83-A9ED-B26FFE8F36D2}.Release|Any CPU.ActiveCfg = Release|Any CPU
		{74011989-E61F-4D83-A9ED-B26FFE8F36D2}.Release|Any CPU.Build.0 = Release|Any CPU
		{1B378E87-E009-4D62-8E84-EA7F076EF70E}.Debug|Any CPU.ActiveCfg = Debug|Any CPU
		{1B378E87-E009-4D62-8E84-EA7F076EF70E}.Debug|Any CPU.Build.0 = Debug|Any CPU
		{1B378E87-E009-4D62-8E84-EA7F076EF70E}.Release|Any CPU.ActiveCfg = Release|Any CPU
		{1B378E87-E009-4D62-8E84-EA7F076EF70E}.Release|Any CPU.Build.0 = Release|Any CPU
		{1794D19A-DEC0-4E1E-833A-C0B69763A75B}.Debug|Any CPU.ActiveCfg = Debug|Any CPU
		{1794D19A-DEC0-4E1E-833A-C0B69763A75B}.Debug|Any CPU.Build.0 = Debug|Any CPU
		{1794D19A-DEC0-4E1E-833A-C0B69763A75B}.Release|Any CPU.ActiveCfg = Release|Any CPU
		{1794D19A-DEC0-4E1E-833A-C0B69763A75B}.Release|Any CPU.Build.0 = Release|Any CPU
		{63B8E953-C89A-4B38-8CFD-193C6CCF5126}.Debug|Any CPU.ActiveCfg = Debug|Any CPU
		{63B8E953-C89A-4B38-8CFD-193C6CCF5126}.Debug|Any CPU.Build.0 = Debug|Any CPU
		{63B8E953-C89A-4B38-8CFD-193C6CCF5126}.Release|Any CPU.ActiveCfg = Release|Any CPU
		{63B8E953-C89A-4B38-8CFD-193C6CCF5126}.Release|Any CPU.Build.0 = Release|Any CPU
		{08FEBBB5-D0BB-438C-80C0-3F4B75953C8B}.Debug|Any CPU.ActiveCfg = Debug|Any CPU
		{08FEBBB5-D0BB-438C-80C0-3F4B75953C8B}.Debug|Any CPU.Build.0 = Debug|Any CPU
		{08FEBBB5-D0BB-438C-80C0-3F4B75953C8B}.Release|Any CPU.ActiveCfg = Release|Any CPU
		{08FEBBB5-D0BB-438C-80C0-3F4B75953C8B}.Release|Any CPU.Build.0 = Release|Any CPU
		{0206B60C-011C-4ED2-84C0-E9ED005C053C}.Debug|Any CPU.ActiveCfg = Debug|Any CPU
		{0206B60C-011C-4ED2-84C0-E9ED005C053C}.Debug|Any CPU.Build.0 = Debug|Any CPU
		{0206B60C-011C-4ED2-84C0-E9ED005C053C}.Release|Any CPU.ActiveCfg = Release|Any CPU
		{0206B60C-011C-4ED2-84C0-E9ED005C053C}.Release|Any CPU.Build.0 = Release|Any CPU
		{5A2837E5-D502-486C-A477-194C4FBADCB7}.Debug|Any CPU.ActiveCfg = Debug|Any CPU
		{5A2837E5-D502-486C-A477-194C4FBADCB7}.Debug|Any CPU.Build.0 = Debug|Any CPU
		{5A2837E5-D502-486C-A477-194C4FBADCB7}.Release|Any CPU.ActiveCfg = Release|Any CPU
		{5A2837E5-D502-486C-A477-194C4FBADCB7}.Release|Any CPU.Build.0 = Release|Any CPU
		{70399F91-8B2E-4C14-BC1B-EDE6884EE454}.Debug|Any CPU.ActiveCfg = Debug|Any CPU
		{70399F91-8B2E-4C14-BC1B-EDE6884EE454}.Debug|Any CPU.Build.0 = Debug|Any CPU
		{70399F91-8B2E-4C14-BC1B-EDE6884EE454}.Release|Any CPU.ActiveCfg = Release|Any CPU
		{70399F91-8B2E-4C14-BC1B-EDE6884EE454}.Release|Any CPU.Build.0 = Release|Any CPU
		{356DE268-230E-49B5-A4E2-E61CF77E15BA}.Debug|Any CPU.ActiveCfg = Debug|Any CPU
		{356DE268-230E-49B5-A4E2-E61CF77E15BA}.Debug|Any CPU.Build.0 = Debug|Any CPU
		{356DE268-230E-49B5-A4E2-E61CF77E15BA}.Release|Any CPU.ActiveCfg = Release|Any CPU
		{356DE268-230E-49B5-A4E2-E61CF77E15BA}.Release|Any CPU.Build.0 = Release|Any CPU
		{6B1A0489-A566-4ADE-A185-0ED882052673}.Debug|Any CPU.ActiveCfg = Debug|Any CPU
		{6B1A0489-A566-4ADE-A185-0ED882052673}.Debug|Any CPU.Build.0 = Debug|Any CPU
		{6B1A0489-A566-4ADE-A185-0ED882052673}.Release|Any CPU.ActiveCfg = Release|Any CPU
		{6B1A0489-A566-4ADE-A185-0ED882052673}.Release|Any CPU.Build.0 = Release|Any CPU
		{F13941AC-A49D-4ED9-AAFE-ED796F8B504F}.Debug|Any CPU.ActiveCfg = Debug|Any CPU
		{F13941AC-A49D-4ED9-AAFE-ED796F8B504F}.Debug|Any CPU.Build.0 = Debug|Any CPU
		{F13941AC-A49D-4ED9-AAFE-ED796F8B504F}.Release|Any CPU.ActiveCfg = Release|Any CPU
		{F13941AC-A49D-4ED9-AAFE-ED796F8B504F}.Release|Any CPU.Build.0 = Release|Any CPU
		{AD6B008D-2C8A-4945-ADD4-9E0C5CAB3B11}.Debug|Any CPU.ActiveCfg = Debug|Any CPU
		{AD6B008D-2C8A-4945-ADD4-9E0C5CAB3B11}.Debug|Any CPU.Build.0 = Debug|Any CPU
		{AD6B008D-2C8A-4945-ADD4-9E0C5CAB3B11}.Release|Any CPU.ActiveCfg = Release|Any CPU
		{AD6B008D-2C8A-4945-ADD4-9E0C5CAB3B11}.Release|Any CPU.Build.0 = Release|Any CPU
		{DE82DF58-E940-4FA6-A313-2543806DEB87}.Debug|Any CPU.ActiveCfg = Debug|Any CPU
		{DE82DF58-E940-4FA6-A313-2543806DEB87}.Debug|Any CPU.Build.0 = Debug|Any CPU
		{DE82DF58-E940-4FA6-A313-2543806DEB87}.Release|Any CPU.ActiveCfg = Release|Any CPU
		{DE82DF58-E940-4FA6-A313-2543806DEB87}.Release|Any CPU.Build.0 = Release|Any CPU
		{5A98795E-0236-4511-8290-900443CFEF2E}.Debug|Any CPU.ActiveCfg = Debug|Any CPU
		{5A98795E-0236-4511-8290-900443CFEF2E}.Debug|Any CPU.Build.0 = Debug|Any CPU
		{5A98795E-0236-4511-8290-900443CFEF2E}.Release|Any CPU.ActiveCfg = Release|Any CPU
		{5A98795E-0236-4511-8290-900443CFEF2E}.Release|Any CPU.Build.0 = Release|Any CPU
		{DC3E6D20-84F3-43BD-B734-247B3B619BAD}.Debug|Any CPU.ActiveCfg = Debug|Any CPU
		{DC3E6D20-84F3-43BD-B734-247B3B619BAD}.Debug|Any CPU.Build.0 = Debug|Any CPU
		{DC3E6D20-84F3-43BD-B734-247B3B619BAD}.Release|Any CPU.ActiveCfg = Release|Any CPU
		{DC3E6D20-84F3-43BD-B734-247B3B619BAD}.Release|Any CPU.Build.0 = Release|Any CPU
		{663EF87E-1E1E-423D-9124-6DC52599EDCD}.Debug|Any CPU.ActiveCfg = Debug|Any CPU
		{663EF87E-1E1E-423D-9124-6DC52599EDCD}.Debug|Any CPU.Build.0 = Debug|Any CPU
		{663EF87E-1E1E-423D-9124-6DC52599EDCD}.Release|Any CPU.ActiveCfg = Release|Any CPU
		{663EF87E-1E1E-423D-9124-6DC52599EDCD}.Release|Any CPU.Build.0 = Release|Any CPU
		{294445CA-C94D-4F25-837F-542D60A07B9E}.Debug|Any CPU.ActiveCfg = Debug|Any CPU
		{294445CA-C94D-4F25-837F-542D60A07B9E}.Debug|Any CPU.Build.0 = Debug|Any CPU
		{294445CA-C94D-4F25-837F-542D60A07B9E}.Release|Any CPU.ActiveCfg = Release|Any CPU
		{294445CA-C94D-4F25-837F-542D60A07B9E}.Release|Any CPU.Build.0 = Release|Any CPU
		{12F02C05-B3F6-4C61-B539-3C7CCFB5FA59}.Debug|Any CPU.ActiveCfg = Debug|Any CPU
		{12F02C05-B3F6-4C61-B539-3C7CCFB5FA59}.Debug|Any CPU.Build.0 = Debug|Any CPU
		{12F02C05-B3F6-4C61-B539-3C7CCFB5FA59}.Release|Any CPU.ActiveCfg = Release|Any CPU
		{12F02C05-B3F6-4C61-B539-3C7CCFB5FA59}.Release|Any CPU.Build.0 = Release|Any CPU
		{0DCFA33B-9BC4-4217-BA34-B0F3C1686741}.Debug|Any CPU.ActiveCfg = Debug|Any CPU
		{0DCFA33B-9BC4-4217-BA34-B0F3C1686741}.Debug|Any CPU.Build.0 = Debug|Any CPU
		{0DCFA33B-9BC4-4217-BA34-B0F3C1686741}.Release|Any CPU.ActiveCfg = Release|Any CPU
		{0DCFA33B-9BC4-4217-BA34-B0F3C1686741}.Release|Any CPU.Build.0 = Release|Any CPU
		{E3AF1351-E741-402C-8A33-85434BFA90FF}.Debug|Any CPU.ActiveCfg = Debug|Any CPU
		{E3AF1351-E741-402C-8A33-85434BFA90FF}.Debug|Any CPU.Build.0 = Debug|Any CPU
		{E3AF1351-E741-402C-8A33-85434BFA90FF}.Release|Any CPU.ActiveCfg = Release|Any CPU
		{E3AF1351-E741-402C-8A33-85434BFA90FF}.Release|Any CPU.Build.0 = Release|Any CPU
		{A64A054D-C582-419C-ACEA-104EF0CFD224}.Debug|Any CPU.ActiveCfg = Debug|Any CPU
		{A64A054D-C582-419C-ACEA-104EF0CFD224}.Debug|Any CPU.Build.0 = Debug|Any CPU
		{A64A054D-C582-419C-ACEA-104EF0CFD224}.Release|Any CPU.ActiveCfg = Release|Any CPU
		{A64A054D-C582-419C-ACEA-104EF0CFD224}.Release|Any CPU.Build.0 = Release|Any CPU
		{B6772668-935B-4E4F-9A9C-C2CA9B39D2DC}.Debug|Any CPU.ActiveCfg = Debug|Any CPU
		{B6772668-935B-4E4F-9A9C-C2CA9B39D2DC}.Debug|Any CPU.Build.0 = Debug|Any CPU
		{B6772668-935B-4E4F-9A9C-C2CA9B39D2DC}.Release|Any CPU.ActiveCfg = Release|Any CPU
		{B6772668-935B-4E4F-9A9C-C2CA9B39D2DC}.Release|Any CPU.Build.0 = Release|Any CPU
		{26B7350E-D591-4F8F-A17F-577FEAC2AD99}.Debug|Any CPU.ActiveCfg = Debug|Any CPU
		{26B7350E-D591-4F8F-A17F-577FEAC2AD99}.Debug|Any CPU.Build.0 = Debug|Any CPU
		{26B7350E-D591-4F8F-A17F-577FEAC2AD99}.Release|Any CPU.ActiveCfg = Release|Any CPU
		{26B7350E-D591-4F8F-A17F-577FEAC2AD99}.Release|Any CPU.Build.0 = Release|Any CPU
		{89976F92-64EA-4B9B-9272-7C60940AA18B}.Debug|Any CPU.ActiveCfg = Debug|Any CPU
		{89976F92-64EA-4B9B-9272-7C60940AA18B}.Debug|Any CPU.Build.0 = Debug|Any CPU
		{89976F92-64EA-4B9B-9272-7C60940AA18B}.Release|Any CPU.ActiveCfg = Release|Any CPU
		{89976F92-64EA-4B9B-9272-7C60940AA18B}.Release|Any CPU.Build.0 = Release|Any CPU
	EndGlobalSection
	GlobalSection(SolutionProperties) = preSolution
		HideSolutionNode = FALSE
	EndGlobalSection
	GlobalSection(NestedProjects) = preSolution
		{F09F3647-D7BB-40B6-9381-C95217293CD3} = {77BC0AC3-41A6-4672-A3AB-9C27710756BE}
		{A7F38E85-F6D3-41B7-9B17-DC4B651EFB8D} = {77BC0AC3-41A6-4672-A3AB-9C27710756BE}
		{A0B7D351-6EF0-44E6-986D-60A8177E3550} = {77BC0AC3-41A6-4672-A3AB-9C27710756BE}
		{EB6A7F79-3540-4E31-A1A8-3ADA0F232E67} = {77BC0AC3-41A6-4672-A3AB-9C27710756BE}
		{8DED4253-89E6-4333-9750-E830DB789B2D} = {77BC0AC3-41A6-4672-A3AB-9C27710756BE}
	EndGlobalSection
	GlobalSection(ExtensibilityGlobals) = postSolution
		SolutionGuid = {638D307A-0E71-41C7-BE8B-AD82C5E89CFA}
	EndGlobalSection
EndGlobal
